
Microsoft Visual Studio Solution File, Format Version 12.00
# Visual Studio Version 17
VisualStudioVersion = 17.4.33213.308
MinimumVisualStudioVersion = 10.0.40219.1
Project("{FAE04EC0-301F-11D3-BF4B-00C04F79EFBC}") = "TerceiraAtvd", "TerceiraAtvd\TerceiraAtvd.csproj", "{02F78CBD-A94B-4D63-9844-866D20253152}"
EndProject
Global
	GlobalSection(SolutionConfigurationPlatforms) = preSolution
		Debug|Any CPU = Debug|Any CPU
		Release|Any CPU = Release|Any CPU
	EndGlobalSection
	GlobalSection(ProjectConfigurationPlatforms) = postSolution
		{02F78CBD-A94B-4D63-9844-866D20253152}.Debug|Any CPU.ActiveCfg = Debug|Any CPU
		{02F78CBD-A94B-4D63-9844-866D20253152}.Debug|Any CPU.Build.0 = Debug|Any CPU
		{02F78CBD-A94B-4D63-9844-866D20253152}.Release|Any CPU.ActiveCfg = Release|Any CPU
		{02F78CBD-A94B-4D63-9844-866D20253152}.Release|Any CPU.Build.0 = Release|Any CPU
	EndGlobalSection
	GlobalSection(SolutionProperties) = preSolution
		HideSolutionNode = FALSE
	EndGlobalSection
	GlobalSection(ExtensibilityGlobals) = postSolution
		SolutionGuid = {481B683A-81D9-4A63-BB2C-D64956DB4B3F}
	EndGlobalSection
EndGlobal
