
Microsoft Visual Studio Solution File, Format Version 12.00
# Visual Studio Version 17
VisualStudioVersion = 17.4.33213.308
MinimumVisualStudioVersion = 10.0.40219.1
Project("{FAE04EC0-301F-11D3-BF4B-00C04F79EFBC}") = "SegundaAtvd", "SegundaAtvd\SegundaAtvd.csproj", "{51F01127-0EA7-4BD2-A43D-80517FA0C8EA}"
EndProject
Global
	GlobalSection(SolutionConfigurationPlatforms) = preSolution
		Debug|Any CPU = Debug|Any CPU
		Release|Any CPU = Release|Any CPU
	EndGlobalSection
	GlobalSection(ProjectConfigurationPlatforms) = postSolution
		{51F01127-0EA7-4BD2-A43D-80517FA0C8EA}.Debug|Any CPU.ActiveCfg = Debug|Any CPU
		{51F01127-0EA7-4BD2-A43D-80517FA0C8EA}.Debug|Any CPU.Build.0 = Debug|Any CPU
		{51F01127-0EA7-4BD2-A43D-80517FA0C8EA}.Release|Any CPU.ActiveCfg = Release|Any CPU
		{51F01127-0EA7-4BD2-A43D-80517FA0C8EA}.Release|Any CPU.Build.0 = Release|Any CPU
	EndGlobalSection
	GlobalSection(SolutionProperties) = preSolution
		HideSolutionNode = FALSE
	EndGlobalSection
	GlobalSection(ExtensibilityGlobals) = postSolution
		SolutionGuid = {92FBB535-58B5-486B-9177-38709C2E8209}
	EndGlobalSection
EndGlobal
