
Microsoft Visual Studio Solution File, Format Version 12.00
# Visual Studio Version 17
VisualStudioVersion = 17.4.33213.308
MinimumVisualStudioVersion = 10.0.40219.1
Project("{FAE04EC0-301F-11D3-BF4B-00C04F79EFBC}") = "PrimeiroProjeto", "PrimeiroProjeto\PrimeiroProjeto.csproj", "{6F9C96F8-6775-4377-AA89-F1373390184E}"
EndProject
Global
	GlobalSection(SolutionConfigurationPlatforms) = preSolution
		Debug|Any CPU = Debug|Any CPU
		Release|Any CPU = Release|Any CPU
	EndGlobalSection
	GlobalSection(ProjectConfigurationPlatforms) = postSolution
		{6F9C96F8-6775-4377-AA89-F1373390184E}.Debug|Any CPU.ActiveCfg = Debug|Any CPU
		{6F9C96F8-6775-4377-AA89-F1373390184E}.Debug|Any CPU.Build.0 = Debug|Any CPU
		{6F9C96F8-6775-4377-AA89-F1373390184E}.Release|Any CPU.ActiveCfg = Release|Any CPU
		{6F9C96F8-6775-4377-AA89-F1373390184E}.Release|Any CPU.Build.0 = Release|Any CPU
	EndGlobalSection
	GlobalSection(SolutionProperties) = preSolution
		HideSolutionNode = FALSE
	EndGlobalSection
	GlobalSection(ExtensibilityGlobals) = postSolution
		SolutionGuid = {AF426889-32F1-494E-B9B1-4B500FA14CAA}
	EndGlobalSection
EndGlobal
